
Microsoft Visual Studio Solution File, Format Version 12.00
# Visual Studio Version 16
VisualStudioVersion = 16.0.30307.4
MinimumVisualStudioVersion = 10.0.40219.1
Project("{F184B08F-C81C-45F6-A57F-5ABD9991F28F}") = "hWndHost", "hWndHost\hWndHost.vbproj", "{D633F93C-DB74-4A5D-9D1F-638C58BBA2CC}"
EndProject
Project("{FAE04EC0-301F-11D3-BF4B-00C04F79EFBC}") = "Logo", "Logo\Logo.csproj", "{61AECEE9-47BA-4E25-AA13-1E57255CC0A6}"
EndProject
Project("{FAE04EC0-301F-11D3-BF4B-00C04F79EFBC}") = "Touch", "Touch\Touch.csproj", "{C7B9739A-112E-4CEA-AB15-4E37BC288E8B}"
EndProject
Project("{FAE04EC0-301F-11D3-BF4B-00C04F79EFBC}") = "Fish", "Fish\Fish.csproj", "{33E0B6FF-96D2-4BCE-A9DB-19193B72A8F8}"
EndProject
Project("{FAE04EC0-301F-11D3-BF4B-00C04F79EFBC}") = "Lissajous", "Lissajous\Lissajous.csproj", "{94C82B90-5D02-4372-BAFE-2941E525DF0A}"
EndProject
Project("{FAE04EC0-301F-11D3-BF4B-00C04F79EFBC}") = "Reflect", "Reflect\Reflect.csproj", "{7EBC2392-1691-4D14-B879-B6676949253C}"
EndProject
Project("{FAE04EC0-301F-11D3-BF4B-00C04F79EFBC}") = "AreaFill", "AreaFill\AreaFill.csproj", "{63FCE81F-B30D-4F49-91F3-0B7B22405446}"
EndProject
Project("{8BC9CEB8-8B4A-11D0-8D11-00A0C91BC942}") = "CPPLib", "CPPLib\CPPLib.vcxproj", "{F34E87E5-3498-47FC-BCA1-068FFE7C5968}"
	ProjectSection(ProjectDependencies) = postProject
		{63FCE81F-B30D-4F49-91F3-0B7B22405446} = {63FCE81F-B30D-4F49-91F3-0B7B22405446}
	EndProjectSection
EndProject
Global
	GlobalSection(SolutionConfigurationPlatforms) = preSolution
		Debug|Any CPU = Debug|Any CPU
		Debug|x64 = Debug|x64
		Debug|x86 = Debug|x86
		Release|Any CPU = Release|Any CPU
		Release|x64 = Release|x64
		Release|x86 = Release|x86
	EndGlobalSection
	GlobalSection(ProjectConfigurationPlatforms) = postSolution
		{D633F93C-DB74-4A5D-9D1F-638C58BBA2CC}.Debug|Any CPU.ActiveCfg = Debug|Any CPU
		{D633F93C-DB74-4A5D-9D1F-638C58BBA2CC}.Debug|Any CPU.Build.0 = Debug|Any CPU
		{D633F93C-DB74-4A5D-9D1F-638C58BBA2CC}.Debug|x64.ActiveCfg = Debug|Any CPU
		{D633F93C-DB74-4A5D-9D1F-638C58BBA2CC}.Debug|x64.Build.0 = Debug|Any CPU
		{D633F93C-DB74-4A5D-9D1F-638C58BBA2CC}.Debug|x86.ActiveCfg = Debug|Any CPU
		{D633F93C-DB74-4A5D-9D1F-638C58BBA2CC}.Debug|x86.Build.0 = Debug|Any CPU
		{D633F93C-DB74-4A5D-9D1F-638C58BBA2CC}.Release|Any CPU.ActiveCfg = Release|Any CPU
		{D633F93C-DB74-4A5D-9D1F-638C58BBA2CC}.Release|Any CPU.Build.0 = Release|Any CPU
		{D633F93C-DB74-4A5D-9D1F-638C58BBA2CC}.Release|x64.ActiveCfg = Release|Any CPU
		{D633F93C-DB74-4A5D-9D1F-638C58BBA2CC}.Release|x64.Build.0 = Release|Any CPU
		{D633F93C-DB74-4A5D-9D1F-638C58BBA2CC}.Release|x86.ActiveCfg = Release|Any CPU
		{D633F93C-DB74-4A5D-9D1F-638C58BBA2CC}.Release|x86.Build.0 = Release|Any CPU
		{61AECEE9-47BA-4E25-AA13-1E57255CC0A6}.Debug|Any CPU.ActiveCfg = Debug|Any CPU
		{61AECEE9-47BA-4E25-AA13-1E57255CC0A6}.Debug|Any CPU.Build.0 = Debug|Any CPU
		{61AECEE9-47BA-4E25-AA13-1E57255CC0A6}.Debug|x64.ActiveCfg = Debug|Any CPU
		{61AECEE9-47BA-4E25-AA13-1E57255CC0A6}.Debug|x64.Build.0 = Debug|Any CPU
		{61AECEE9-47BA-4E25-AA13-1E57255CC0A6}.Debug|x86.ActiveCfg = Debug|Any CPU
		{61AECEE9-47BA-4E25-AA13-1E57255CC0A6}.Debug|x86.Build.0 = Debug|Any CPU
		{61AECEE9-47BA-4E25-AA13-1E57255CC0A6}.Release|Any CPU.ActiveCfg = Release|Any CPU
		{61AECEE9-47BA-4E25-AA13-1E57255CC0A6}.Release|Any CPU.Build.0 = Release|Any CPU
		{61AECEE9-47BA-4E25-AA13-1E57255CC0A6}.Release|x64.ActiveCfg = Release|Any CPU
		{61AECEE9-47BA-4E25-AA13-1E57255CC0A6}.Release|x64.Build.0 = Release|Any CPU
		{61AECEE9-47BA-4E25-AA13-1E57255CC0A6}.Release|x86.ActiveCfg = Release|Any CPU
		{61AECEE9-47BA-4E25-AA13-1E57255CC0A6}.Release|x86.Build.0 = Release|Any CPU
		{C7B9739A-112E-4CEA-AB15-4E37BC288E8B}.Debug|Any CPU.ActiveCfg = Debug|Any CPU
		{C7B9739A-112E-4CEA-AB15-4E37BC288E8B}.Debug|Any CPU.Build.0 = Debug|Any CPU
		{C7B9739A-112E-4CEA-AB15-4E37BC288E8B}.Debug|x64.ActiveCfg = Debug|Any CPU
		{C7B9739A-112E-4CEA-AB15-4E37BC288E8B}.Debug|x64.Build.0 = Debug|Any CPU
		{C7B9739A-112E-4CEA-AB15-4E37BC288E8B}.Debug|x86.ActiveCfg = Debug|Any CPU
		{C7B9739A-112E-4CEA-AB15-4E37BC288E8B}.Debug|x86.Build.0 = Debug|Any CPU
		{C7B9739A-112E-4CEA-AB15-4E37BC288E8B}.Release|Any CPU.ActiveCfg = Release|Any CPU
		{C7B9739A-112E-4CEA-AB15-4E37BC288E8B}.Release|Any CPU.Build.0 = Release|Any CPU
		{C7B9739A-112E-4CEA-AB15-4E37BC288E8B}.Release|x64.ActiveCfg = Release|Any CPU
		{C7B9739A-112E-4CEA-AB15-4E37BC288E8B}.Release|x64.Build.0 = Release|Any CPU
		{C7B9739A-112E-4CEA-AB15-4E37BC288E8B}.Release|x86.ActiveCfg = Release|Any CPU
		{C7B9739A-112E-4CEA-AB15-4E37BC288E8B}.Release|x86.Build.0 = Release|Any CPU
		{33E0B6FF-96D2-4BCE-A9DB-19193B72A8F8}.Debug|Any CPU.ActiveCfg = Debug|Any CPU
		{33E0B6FF-96D2-4BCE-A9DB-19193B72A8F8}.Debug|Any CPU.Build.0 = Debug|Any CPU
		{33E0B6FF-96D2-4BCE-A9DB-19193B72A8F8}.Debug|x64.ActiveCfg = Debug|Any CPU
		{33E0B6FF-96D2-4BCE-A9DB-19193B72A8F8}.Debug|x64.Build.0 = Debug|Any CPU
		{33E0B6FF-96D2-4BCE-A9DB-19193B72A8F8}.Debug|x86.ActiveCfg = Debug|Any CPU
		{33E0B6FF-96D2-4BCE-A9DB-19193B72A8F8}.Debug|x86.Build.0 = Debug|Any CPU
		{33E0B6FF-96D2-4BCE-A9DB-19193B72A8F8}.Release|Any CPU.ActiveCfg = Release|Any CPU
		{33E0B6FF-96D2-4BCE-A9DB-19193B72A8F8}.Release|Any CPU.Build.0 = Release|Any CPU
		{33E0B6FF-96D2-4BCE-A9DB-19193B72A8F8}.Release|x64.ActiveCfg = Release|Any CPU
		{33E0B6FF-96D2-4BCE-A9DB-19193B72A8F8}.Release|x64.Build.0 = Release|Any CPU
		{33E0B6FF-96D2-4BCE-A9DB-19193B72A8F8}.Release|x86.ActiveCfg = Release|Any CPU
		{33E0B6FF-96D2-4BCE-A9DB-19193B72A8F8}.Release|x86.Build.0 = Release|Any CPU
		{94C82B90-5D02-4372-BAFE-2941E525DF0A}.Debug|Any CPU.ActiveCfg = Debug|Any CPU
		{94C82B90-5D02-4372-BAFE-2941E525DF0A}.Debug|Any CPU.Build.0 = Debug|Any CPU
		{94C82B90-5D02-4372-BAFE-2941E525DF0A}.Debug|x64.ActiveCfg = Debug|Any CPU
		{94C82B90-5D02-4372-BAFE-2941E525DF0A}.Debug|x64.Build.0 = Debug|Any CPU
		{94C82B90-5D02-4372-BAFE-2941E525DF0A}.Debug|x86.ActiveCfg = Debug|Any CPU
		{94C82B90-5D02-4372-BAFE-2941E525DF0A}.Debug|x86.Build.0 = Debug|Any CPU
		{94C82B90-5D02-4372-BAFE-2941E525DF0A}.Release|Any CPU.ActiveCfg = Release|Any CPU
		{94C82B90-5D02-4372-BAFE-2941E525DF0A}.Release|Any CPU.Build.0 = Release|Any CPU
		{94C82B90-5D02-4372-BAFE-2941E525DF0A}.Release|x64.ActiveCfg = Release|Any CPU
		{94C82B90-5D02-4372-BAFE-2941E525DF0A}.Release|x64.Build.0 = Release|Any CPU
		{94C82B90-5D02-4372-BAFE-2941E525DF0A}.Release|x86.ActiveCfg = Release|Any CPU
		{94C82B90-5D02-4372-BAFE-2941E525DF0A}.Release|x86.Build.0 = Release|Any CPU
		{7EBC2392-1691-4D14-B879-B6676949253C}.Debug|Any CPU.ActiveCfg = Debug|Any CPU
		{7EBC2392-1691-4D14-B879-B6676949253C}.Debug|Any CPU.Build.0 = Debug|Any CPU
		{7EBC2392-1691-4D14-B879-B6676949253C}.Debug|x64.ActiveCfg = Debug|Any CPU
		{7EBC2392-1691-4D14-B879-B6676949253C}.Debug|x64.Build.0 = Debug|Any CPU
		{7EBC2392-1691-4D14-B879-B6676949253C}.Debug|x86.ActiveCfg = Debug|Any CPU
		{7EBC2392-1691-4D14-B879-B6676949253C}.Debug|x86.Build.0 = Debug|Any CPU
		{7EBC2392-1691-4D14-B879-B6676949253C}.Release|Any CPU.ActiveCfg = Release|Any CPU
		{7EBC2392-1691-4D14-B879-B6676949253C}.Release|Any CPU.Build.0 = Release|Any CPU
		{7EBC2392-1691-4D14-B879-B6676949253C}.Release|x64.ActiveCfg = Release|Any CPU
		{7EBC2392-1691-4D14-B879-B6676949253C}.Release|x64.Build.0 = Release|Any CPU
		{7EBC2392-1691-4D14-B879-B6676949253C}.Release|x86.ActiveCfg = Release|Any CPU
		{7EBC2392-1691-4D14-B879-B6676949253C}.Release|x86.Build.0 = Release|Any CPU
		{63FCE81F-B30D-4F49-91F3-0B7B22405446}.Debug|Any CPU.ActiveCfg = Debug|Any CPU
		{63FCE81F-B30D-4F49-91F3-0B7B22405446}.Debug|Any CPU.Build.0 = Debug|Any CPU
		{63FCE81F-B30D-4F49-91F3-0B7B22405446}.Debug|x64.ActiveCfg = Debug|Any CPU
		{63FCE81F-B30D-4F49-91F3-0B7B22405446}.Debug|x64.Build.0 = Debug|Any CPU
		{63FCE81F-B30D-4F49-91F3-0B7B22405446}.Debug|x86.ActiveCfg = Debug|Any CPU
		{63FCE81F-B30D-4F49-91F3-0B7B22405446}.Debug|x86.Build.0 = Debug|Any CPU
		{63FCE81F-B30D-4F49-91F3-0B7B22405446}.Release|Any CPU.ActiveCfg = Release|Any CPU
		{63FCE81F-B30D-4F49-91F3-0B7B22405446}.Release|Any CPU.Build.0 = Release|Any CPU
		{63FCE81F-B30D-4F49-91F3-0B7B22405446}.Release|x64.ActiveCfg = Release|Any CPU
		{63FCE81F-B30D-4F49-91F3-0B7B22405446}.Release|x64.Build.0 = Release|Any CPU
		{63FCE81F-B30D-4F49-91F3-0B7B22405446}.Release|x86.ActiveCfg = Release|Any CPU
		{63FCE81F-B30D-4F49-91F3-0B7B22405446}.Release|x86.Build.0 = Release|Any CPU
		{F34E87E5-3498-47FC-BCA1-068FFE7C5968}.Debug|Any CPU.ActiveCfg = Debug|Win32
		{F34E87E5-3498-47FC-BCA1-068FFE7C5968}.Debug|Any CPU.Build.0 = Debug|Win32
		{F34E87E5-3498-47FC-BCA1-068FFE7C5968}.Debug|x64.ActiveCfg = Debug|x64
		{F34E87E5-3498-47FC-BCA1-068FFE7C5968}.Debug|x64.Build.0 = Debug|x64
		{F34E87E5-3498-47FC-BCA1-068FFE7C5968}.Debug|x86.ActiveCfg = Debug|Win32
		{F34E87E5-3498-47FC-BCA1-068FFE7C5968}.Debug|x86.Build.0 = Debug|Win32
		{F34E87E5-3498-47FC-BCA1-068FFE7C5968}.Release|Any CPU.ActiveCfg = Release|Win32
		{F34E87E5-3498-47FC-BCA1-068FFE7C5968}.Release|x64.ActiveCfg = Release|x64
		{F34E87E5-3498-47FC-BCA1-068FFE7C5968}.Release|x64.Build.0 = Release|x64
		{F34E87E5-3498-47FC-BCA1-068FFE7C5968}.Release|x86.ActiveCfg = Release|Win32
		{F34E87E5-3498-47FC-BCA1-068FFE7C5968}.Release|x86.Build.0 = Release|Win32
	EndGlobalSection
	GlobalSection(SolutionProperties) = preSolution
		HideSolutionNode = FALSE
	EndGlobalSection
	GlobalSection(ExtensibilityGlobals) = postSolution
		SolutionGuid = {FEAD6DDA-43E6-405F-9695-ED487DBE0D87}
	EndGlobalSection
EndGlobal
